
Microsoft Visual Studio Solution File, Format Version 12.00
# Visual Studio Version 16
VisualStudioVersion = 16.0.29911.84
MinimumVisualStudioVersion = 10.0.40219.1
Project("{FAE04EC0-301F-11D3-BF4B-00C04F79EFBC}") = "MentorApp", "MentorApp\MentorApp.csproj", "{BEA5FF24-5CD5-4ECA-8D92-8097EC6503DB}"
EndProject
Global
	GlobalSection(SolutionConfigurationPlatforms) = preSolution
		Debug|Any CPU = Debug|Any CPU
		Release|Any CPU = Release|Any CPU
	EndGlobalSection
	GlobalSection(ProjectConfigurationPlatforms) = postSolution
		{BEA5FF24-5CD5-4ECA-8D92-8097EC6503DB}.Debug|Any CPU.ActiveCfg = Debug|Any CPU
		{BEA5FF24-5CD5-4ECA-8D92-8097EC6503DB}.Debug|Any CPU.Build.0 = Debug|Any CPU
		{BEA5FF24-5CD5-4ECA-8D92-8097EC6503DB}.Release|Any CPU.ActiveCfg = Release|Any CPU
		{BEA5FF24-5CD5-4ECA-8D92-8097EC6503DB}.Release|Any CPU.Build.0 = Release|Any CPU
	EndGlobalSection
	GlobalSection(SolutionProperties) = preSolution
		HideSolutionNode = FALSE
	EndGlobalSection
	GlobalSection(ExtensibilityGlobals) = postSolution
		SolutionGuid = {8BCAAB99-84BE-44AE-B0C4-DE66C75D8DE0}
	EndGlobalSection
EndGlobal
